---
- name: Disable APT automatic update
  raw: systemctl disable --now {{ item }}
  with_items:
    - 'apt-daily.timer'
    - 'apt-daily-upgrade.timer'

- name: Reload systemctl daemon-reload
  raw: systemctl daemon-reload

- name: Reboot Ubuntu server
  reboot:
  when: wai_development
  
- name: Wait daily update to finish
  become: true
  raw: systemd-run --property="After=apt-daily.service apt-daily-upgrade.service" --wait /bin/true
  when: not wai_development

- name: Purge unattended upgrades
  become: true
  raw: apt-get -y purge unattended-upgrades    
  when: not wai_development